// !$*UTF8*$!
{
	archiveVersion = 1;
	classes = {
	};
	objectVersion = 56;
	objects = {

/* Begin PBXBuildFile section */
		D64991352981F53100B1F8BB /* coinFlip.mp3 in Resources */ = {isa = PBXBuildFile; fileRef = D64991342981F53000B1F8BB /* coinFlip.mp3 */; };
		D66D5DF6299A5EFB00663FCD /* iPhone 14 Pro - 1.png in Resources */ = {isa = PBXBuildFile; fileRef = D66D5DF5299A5EFB00663FCD /* iPhone 14 Pro - 1.png */; };
		D6C81588299548F50051C105 /* Heads.png in Resources */ = {isa = PBXBuildFile; fileRef = D6C81587299548F50051C105 /* Heads.png */; };
		D6D72CA7297F1E5700CD29E7 /* AppDelegate.swift in Sources */ = {isa = PBXBuildFile; fileRef = D6D72CA6297F1E5700CD29E7 /* AppDelegate.swift */; };
		D6D72CA9297F1E5700CD29E7 /* SceneDelegate.swift in Sources */ = {isa = PBXBuildFile; fileRef = D6D72CA8297F1E5700CD29E7 /* SceneDelegate.swift */; };
		D6D72CAB297F1E5700CD29E7 /* ViewController.swift in Sources */ = {isa = PBXBuildFile; fileRef = D6D72CAA297F1E5700CD29E7 /* ViewController.swift */; };
		D6D72CAE297F1E5700CD29E7 /* Main.storyboard in Resources */ = {isa = PBXBuildFile; fileRef = D6D72CAC297F1E5700CD29E7 /* Main.storyboard */; };
		D6D72CB0297F1E5800CD29E7 /* Assets.xcassets in Resources */ = {isa = PBXBuildFile; fileRef = D6D72CAF297F1E5800CD29E7 /* Assets.xcassets */; };
		D6D72CB3297F1E5800CD29E7 /* LaunchScreen.storyboard in Resources */ = {isa = PBXBuildFile; fileRef = D6D72CB1297F1E5800CD29E7 /* LaunchScreen.storyboard */; };
		D6D72CC12981EBB500CD29E7 /* Tails.png in Resources */ = {isa = PBXBuildFile; fileRef = D6D72CBF2981EBB500CD29E7 /* Tails.png */; };
/* End PBXBuildFile section */

/* Begin PBXFileReference section */
		D64991342981F53000B1F8BB /* coinFlip.mp3 */ = {isa = PBXFileReference; lastKnownFileType = audio.mp3; path = coinFlip.mp3; sourceTree = "<group>"; };
		D66D5DF5299A5EFB00663FCD /* iPhone 14 Pro - 1.png */ = {isa = PBXFileReference; lastKnownFileType = image.png; path = "iPhone 14 Pro - 1.png"; sourceTree = "<group>"; };
		D6C81587299548F50051C105 /* Heads.png */ = {isa = PBXFileReference; lastKnownFileType = image.png; path = Heads.png; sourceTree = "<group>"; };
		D6D72CA3297F1E5700CD29E7 /* Coin-Flip-App.app */ = {isa = PBXFileReference; explicitFileType = wrapper.application; includeInIndex = 0; path = "Coin-Flip-App.app"; sourceTree = BUILT_PRODUCTS_DIR; };
		D6D72CA6297F1E5700CD29E7 /* AppDelegate.swift */ = {isa = PBXFileReference; lastKnownFileType = sourcecode.swift; path = AppDelegate.swift; sourceTree = "<group>"; };
		D6D72CA8297F1E5700CD29E7 /* SceneDelegate.swift */ = {isa = PBXFileReference; lastKnownFileType = sourcecode.swift; path = SceneDelegate.swift; sourceTree = "<group>"; };
		D6D72CAA297F1E5700CD29E7 /* ViewController.swift */ = {isa = PBXFileReference; lastKnownFileType = sourcecode.swift; path = ViewController.swift; sourceTree = "<group>"; };
		D6D72CAD297F1E5700CD29E7 /* Base */ = {isa = PBXFileReference; lastKnownFileType = file.storyboard; name = Base; path = Base.lproj/Main.storyboard; sourceTree = "<group>"; };
		D6D72CAF297F1E5800CD29E7 /* Assets.xcassets */ = {isa = PBXFileReference; lastKnownFileType = folder.assetcatalog; path = Assets.xcassets; sourceTree = "<group>"; };
		D6D72CB2297F1E5800CD29E7 /* Base */ = {isa = PBXFileReference; lastKnownFileType = file.storyboard; name = Base; path = Base.lproj/LaunchScreen.storyboard; sourceTree = "<group>"; };
		D6D72CB4297F1E5800CD29E7 /* Info.plist */ = {isa = PBXFileReference; lastKnownFileType = text.plist.xml; path = Info.plist; sourceTree = "<group>"; };
		D6D72CBF2981EBB500CD29E7 /* Tails.png */ = {isa = PBXFileReference; lastKnownFileType = image.png; path = Tails.png; sourceTree = "<group>"; };
/* End PBXFileReference section */

/* Begin PBXFrameworksBuildPhase section */
		D6D72CA0297F1E5700CD29E7 /* Frameworks */ = {
			isa = PBXFrameworksBuildPhase;
			buildActionMask = 2147483647;
			files = (
			);
			runOnlyForDeploymentPostprocessing = 0;
		};
/* End PBXFrameworksBuildPhase section */

/* Begin PBXGroup section */
		D6D72C9A297F1E5700CD29E7 = {
			isa = PBXGroup;
			children = (
				D6D72CA5297F1E5700CD29E7 /* Coin-Flip-App */,
				D6D72CA4297F1E5700CD29E7 /* Products */,
			);
			sourceTree = "<group>";
		};
		D6D72CA4297F1E5700CD29E7 /* Products */ = {
			isa = PBXGroup;
			children = (
				D6D72CA3297F1E5700CD29E7 /* Coin-Flip-App.app */,
			);
			name = Products;
			sourceTree = "<group>";
		};
		D6D72CA5297F1E5700CD29E7 /* Coin-Flip-App */ = {
			isa = PBXGroup;
			children = (
				D6D72CA6297F1E5700CD29E7 /* AppDelegate.swift */,
				D6D72CA8297F1E5700CD29E7 /* SceneDelegate.swift */,
				D6D72CAA297F1E5700CD29E7 /* ViewController.swift */,
				D6D72CAC297F1E5700CD29E7 /* Main.storyboard */,
				D6D72CAF297F1E5800CD29E7 /* Assets.xcassets */,
				D6D72CB1297F1E5800CD29E7 /* LaunchScreen.storyboard */,
				D6D72CB4297F1E5800CD29E7 /* Info.plist */,
				D6D72CBF2981EBB500CD29E7 /* Tails.png */,
				D64991342981F53000B1F8BB /* coinFlip.mp3 */,
				D6C81587299548F50051C105 /* Heads.png */,
				D66D5DF5299A5EFB00663FCD /* iPhone 14 Pro - 1.png */,
			);
			path = "Coin-Flip-App";
			sourceTree = "<group>";
		};
/* End PBXGroup section */

/* Begin PBXNativeTarget section */
		D6D72CA2297F1E5700CD29E7 /* Coin-Flip-App */ = {
			isa = PBXNativeTarget;
			buildConfigurationList = D6D72CB7297F1E5800CD29E7 /* Build configuration list for PBXNativeTarget "Coin-Flip-App" */;
			buildPhases = (
				D6D72C9F297F1E5700CD29E7 /* Sources */,
				D6D72CA0297F1E5700CD29E7 /* Frameworks */,
				D6D72CA1297F1E5700CD29E7 /* Resources */,
			);
			buildRules = (
			);
			dependencies = (
			);
			name = "Coin-Flip-App";
			productName = "Coin-Flip-App";
			productReference = D6D72CA3297F1E5700CD29E7 /* Coin-Flip-App.app */;
			productType = "com.apple.product-type.application";
		};
/* End PBXNativeTarget section */

/* Begin PBXProject section */
		D6D72C9B297F1E5700CD29E7 /* Project object */ = {
			isa = PBXProject;
			attributes = {
				BuildIndependentTargetsInParallel = 1;
				LastSwiftUpdateCheck = 1420;
				LastUpgradeCheck = 1420;
				TargetAttributes = {
					D6D72CA2297F1E5700CD29E7 = {
						CreatedOnToolsVersion = 14.2;
					};
				};
			};
			buildConfigurationList = D6D72C9E297F1E5700CD29E7 /* Build configuration list for PBXProject "Coin-Flip-App" */;
			compatibilityVersion = "Xcode 14.0";
			developmentRegion = en;
			hasScannedForEncodings = 0;
			knownRegions = (
				en,
				Base,
			);
			mainGroup = D6D72C9A297F1E5700CD29E7;
			productRefGroup = D6D72CA4297F1E5700CD29E7 /* Products */;
			projectDirPath = "";
			projectRoot = "";
			targets = (
				D6D72CA2297F1E5700CD29E7 /* Coin-Flip-App */,
			);
		};
/* End PBXProject section */

/* Begin PBXResourcesBuildPhase section */
		D6D72CA1297F1E5700CD29E7 /* Resources */ = {
			isa = PBXResourcesBuildPhase;
			buildActionMask = 2147483647;
			files = (
				D64991352981F53100B1F8BB /* coinFlip.mp3 in Resources */,
				D6D72CB3297F1E5800CD29E7 /* LaunchScreen.storyboard in Resources */,
				D6D72CC12981EBB500CD29E7 /* Tails.png in Resources */,
				D6C81588299548F50051C105 /* Heads.png in Resources */,
				D6D72CB0297F1E5800CD29E7 /* Assets.xcassets in Resources */,
				D6D72CAE297F1E5700CD29E7 /* Main.storyboard in Resources */,
				D66D5DF6299A5EFB00663FCD /* iPhone 14 Pro - 1.png in Resources */,
			);
			runOnlyForDeploymentPostprocessing = 0;
		};
/* End PBXResourcesBuildPhase section */

/* Begin PBXSourcesBuildPhase section */
		D6D72C9F297F1E5700CD29E7 /* Sources */ = {
			isa = PBXSourcesBuildPhase;
			buildActionMask = 2147483647;
			files = (
				D6D72CAB297F1E5700CD29E7 /* ViewController.swift in Sources */,
				D6D72CA7297F1E5700CD29E7 /* AppDelegate.swift in Sources */,
				D6D72CA9297F1E5700CD29E7 /* SceneDelegate.swift in Sources */,
			);
			runOnlyForDeploymentPostprocessing = 0;
		};
/* End PBXSourcesBuildPhase section */

/* Begin PBXVariantGroup section */
		D6D72CAC297F1E5700CD29E7 /* Main.storyboard */ = {
			isa = PBXVariantGroup;
			children = (
				D6D72CAD297F1E5700CD29E7 /* Base */,
			);
			name = Main.storyboard;
			sourceTree = "<group>";
		};
		D6D72CB1297F1E5800CD29E7 /* LaunchScreen.storyboard */ = {
			isa = PBXVariantGroup;
			children = (
				D6D72CB2297F1E5800CD29E7 /* Base */,
			);
			name = LaunchScreen.storyboard;
			sourceTree = "<group>";
		};
/* End PBXVariantGroup section */

/* Begin XCBuildConfiguration section */
		D6D72CB5297F1E5800CD29E7 /* Debug */ = {
			isa = XCBuildConfiguration;
			buildSettings = {
				ALWAYS_SEARCH_USER_PATHS = NO;
				CLANG_ANALYZER_NONNULL = YES;
				CLANG_ANALYZER_NUMBER_OBJECT_CONVERSION = YES_AGGRESSIVE;
				CLANG_CXX_LANGUAGE_STANDARD = "gnu++20";
				CLANG_ENABLE_MODULES = YES;
				CLANG_ENABLE_OBJC_ARC = YES;
				CLANG_ENABLE_OBJC_WEAK = YES;
				CLANG_WARN_BLOCK_CAPTURE_AUTORELEASING = YES;
				CLANG_WARN_BOOL_CONVERSION = YES;
				CLANG_WARN_COMMA = YES;
				CLANG_WARN_CONSTANT_CONVERSION = YES;
				CLANG_WARN_DEPRECATED_OBJC_IMPLEMENTATIONS = YES;
				CLANG_WARN_DIRECT_OBJC_ISA_USAGE = YES_ERROR;
				CLANG_WARN_DOCUMENTATION_COMMENTS = YES;
				CLANG_WARN_EMPTY_BODY = YES;
				CLANG_WARN_ENUM_CONVERSION = YES;
				CLANG_WARN_INFINITE_RECURSION = YES;
				CLANG_WARN_INT_CONVERSION = YES;
				CLANG_WARN_NON_LITERAL_NULL_CONVERSION = YES;
				CLANG_WARN_OBJC_IMPLICIT_RETAIN_SELF = YES;
				CLANG_WARN_OBJC_LITERAL_CONVERSION = YES;
				CLANG_WARN_OBJC_ROOT_CLASS = YES_ERROR;
				CLANG_WARN_QUOTED_INCLUDE_IN_FRAMEWORK_HEADER = YES;
				CLANG_WARN_RANGE_LOOP_ANALYSIS = YES;
				CLANG_WARN_STRICT_PROTOTYPES = YES;
				CLANG_WARN_SUSPICIOUS_MOVE = YES;
				CLANG_WARN_UNGUARDED_AVAILABILITY = YES_AGGRESSIVE;
				CLANG_WARN_UNREACHABLE_CODE = YES;
				CLANG_WARN__DUPLICATE_METHOD_MATCH = YES;
				COPY_PHASE_STRIP = NO;
				DEBUG_INFORMATION_FORMAT = dwarf;
				ENABLE_STRICT_OBJC_MSGSEND = YES;
				ENABLE_TESTABILITY = YES;
				GCC_C_LANGUAGE_STANDARD = gnu11;
				GCC_DYNAMIC_NO_PIC = NO;
				GCC_NO_COMMON_BLOCKS = YES;
				GCC_OPTIMIZATION_LEVEL = 0;
				GCC_PREPROCESSOR_DEFINITIONS = (
					"DEBUG=1",
					"$(inherited)",
				);
				GCC_WARN_64_TO_32_BIT_CONVERSION = YES;
				GCC_WARN_ABOUT_RETURN_TYPE = YES_ERROR;
				GCC_WARN_UNDECLARED_SELECTOR = YES;
				GCC_WARN_UNINITIALIZED_AUTOS = YES_AGGRESSIVE;
				GCC_WARN_UNUSED_FUNCTION = YES;
				GCC_WARN_UNUSED_VARIABLE = YES;
				IPHONEOS_DEPLOYMENT_TARGET = 16.2;
				MTL_ENABLE_DEBUG_INFO = INCLUDE_SOURCE;
				MTL_FAST_MATH = YES;
				ONLY_ACTIVE_ARCH = YES;
				SDKROOT = iphoneos;
				SWIFT_ACTIVE_COMPILATION_CONDITIONS = DEBUG;
				SWIFT_OPTIMIZATION_LEVEL = "-Onone";
			};
			name = Debug;
		};
		D6D72CB6297F1E5800CD29E7 /* Release */ = {
			isa = XCBuildConfiguration;
			buildSettings = {
				ALWAYS_SEARCH_USER_PATHS = NO;
				CLANG_ANALYZER_NONNULL = YES;
				CLANG_ANALYZER_NUMBER_OBJECT_CONVERSION = YES_AGGRESSIVE;
				CLANG_CXX_LANGUAGE_STANDARD = "gnu++20";
				CLANG_ENABLE_MODULES = YES;
				CLANG_ENABLE_OBJC_ARC = YES;
				CLANG_ENABLE_OBJC_WEAK = YES;
				CLANG_WARN_BLOCK_CAPTURE_AUTORELEASING = YES;
				CLANG_WARN_BOOL_CONVERSION = YES;
				CLANG_WARN_COMMA = YES;
				CLANG_WARN_CONSTANT_CONVERSION = YES;
				CLANG_WARN_DEPRECATED_OBJC_IMPLEMENTATIONS = YES;
				CLANG_WARN_DIRECT_OBJC_ISA_USAGE = YES_ERROR;
				CLANG_WARN_DOCUMENTATION_COMMENTS = YES;
				CLANG_WARN_EMPTY_BODY = YES;
				CLANG_WARN_ENUM_CONVERSION = YES;
				CLANG_WARN_INFINITE_RECURSION = YES;
				CLANG_WARN_INT_CONVERSION = YES;
				CLANG_WARN_NON_LITERAL_NULL_CONVERSION = YES;
				CLANG_WARN_OBJC_IMPLICIT_RETAIN_SELF = YES;
				CLANG_WARN_OBJC_LITERAL_CONVERSION = YES;
				CLANG_WARN_OBJC_ROOT_CLASS = YES_ERROR;
				CLANG_WARN_QUOTED_INCLUDE_IN_FRAMEWORK_HEADER = YES;
				CLANG_WARN_RANGE_LOOP_ANALYSIS = YES;
				CLANG_WARN_STRICT_PROTOTYPES = YES;
				CLANG_WARN_SUSPICIOUS_MOVE = YES;
				CLANG_WARN_UNGUARDED_AVAILABILITY = YES_AGGRESSIVE;
				CLANG_WARN_UNREACHABLE_CODE = YES;
				CLANG_WARN__DUPLICATE_METHOD_MATCH = YES;
				COPY_PHASE_STRIP = NO;
				DEBUG_INFORMATION_FORMAT = "dwarf-with-dsym";
				ENABLE_NS_ASSERTIONS = NO;
				ENABLE_STRICT_OBJC_MSGSEND = YES;
				GCC_C_LANGUAGE_STANDARD = gnu11;
				GCC_NO_COMMON_BLOCKS = YES;
				GCC_WARN_64_TO_32_BIT_CONVERSION = YES;
				GCC_WARN_ABOUT_RETURN_TYPE = YES_ERROR;
				GCC_WARN_UNDECLARED_SELECTOR = YES;
				GCC_WARN_UNINITIALIZED_AUTOS = YES_AGGRESSIVE;
				GCC_WARN_UNUSED_FUNCTION = YES;
				GCC_WARN_UNUSED_VARIABLE = YES;
				IPHONEOS_DEPLOYMENT_TARGET = 16.2;
				MTL_ENABLE_DEBUG_INFO = NO;
				MTL_FAST_MATH = YES;
				SDKROOT = iphoneos;
				SWIFT_COMPILATION_MODE = wholemodule;
				SWIFT_OPTIMIZATION_LEVEL = "-O";
				VALIDATE_PRODUCT = YES;
			};
			name = Release;
		};
		D6D72CB8297F1E5800CD29E7 /* Debug */ = {
			isa = XCBuildConfiguration;
			buildSettings = {
				ASSETCATALOG_COMPILER_APPICON_NAME = AppIcon;
				ASSETCATALOG_COMPILER_GLOBAL_ACCENT_COLOR_NAME = AccentColor;
				CODE_SIGN_STYLE = Automatic;
				CURRENT_PROJECT_VERSION = 1;
				DEVELOPMENT_TEAM = U54PHVPQKB;
				GENERATE_INFOPLIST_FILE = YES;
				INFOPLIST_FILE = "Coin-Flip-App/Info.plist";
				INFOPLIST_KEY_UIApplicationSupportsIndirectInputEvents = YES;
				INFOPLIST_KEY_UILaunchStoryboardName = LaunchScreen;
				INFOPLIST_KEY_UIMainStoryboardFile = Main;
				INFOPLIST_KEY_UISupportedInterfaceOrientations_iPad = "UIInterfaceOrientationPortrait UIInterfaceOrientationPortraitUpsideDown UIInterfaceOrientationLandscapeLeft UIInterfaceOrientationLandscapeRight";
				INFOPLIST_KEY_UISupportedInterfaceOrientations_iPhone = "UIInterfaceOrientationPortrait UIInterfaceOrientationLandscapeLeft UIInterfaceOrientationLandscapeRight";
				LD_RUNPATH_SEARCH_PATHS = (
					"$(inherited)",
					"@executable_path/Frameworks",
				);
				MARKETING_VERSION = 1.0;
				PRODUCT_BUNDLE_IDENTIFIER = "com.danatorr.Coin-Flip-App";
				PRODUCT_NAME = "$(TARGET_NAME)";
				SWIFT_EMIT_LOC_STRINGS = YES;
				SWIFT_VERSION = 5.0;
				TARGETED_DEVICE_FAMILY = "1,2";
			};
			name = Debug;
		};
		D6D72CB9297F1E5800CD29E7 /* Release */ = {
			isa = XCBuildConfiguration;
			buildSettings = {
				ASSETCATALOG_COMPILER_APPICON_NAME = AppIcon;
				ASSETCATALOG_COMPILER_GLOBAL_ACCENT_COLOR_NAME = AccentColor;
				CODE_SIGN_STYLE = Automatic;
				CURRENT_PROJECT_VERSION = 1;
				DEVELOPMENT_TEAM = U54PHVPQKB;
				GENERATE_INFOPLIST_FILE = YES;
				INFOPLIST_FILE = "Coin-Flip-App/Info.plist";
				INFOPLIST_KEY_UIApplicationSupportsIndirectInputEvents = YES;
				INFOPLIST_KEY_UILaunchStoryboardName = LaunchScreen;
				INFOPLIST_KEY_UIMainStoryboardFile = Main;
				INFOPLIST_KEY_UISupportedInterfaceOrientations_iPad = "UIInterfaceOrientationPortrait UIInterfaceOrientationPortraitUpsideDown UIInterfaceOrientationLandscapeLeft UIInterfaceOrientationLandscapeRight";
				INFOPLIST_KEY_UISupportedInterfaceOrientations_iPhone = "UIInterfaceOrientationPortrait UIInterfaceOrientationLandscapeLeft UIInterfaceOrientationLandscapeRight";
				LD_RUNPATH_SEARCH_PATHS = (
					"$(inherited)",
					"@executable_path/Frameworks",
				);
				MARKETING_VERSION = 1.0;
				PRODUCT_BUNDLE_IDENTIFIER = "com.danatorr.Coin-Flip-App";
				PRODUCT_NAME = "$(TARGET_NAME)";
				SWIFT_EMIT_LOC_STRINGS = YES;
				SWIFT_VERSION = 5.0;
				TARGETED_DEVICE_FAMILY = "1,2";
			};
			name = Release;
		};
/* End XCBuildConfiguration section */

/* Begin XCConfigurationList section */
		D6D72C9E297F1E5700CD29E7 /* Build configuration list for PBXProject "Coin-Flip-App" */ = {
			isa = XCConfigurationList;
			buildConfigurations = (
				D6D72CB5297F1E5800CD29E7 /* Debug */,
				D6D72CB6297F1E5800CD29E7 /* Release */,
			);
			defaultConfigurationIsVisible = 0;
			defaultConfigurationName = Release;
		};
		D6D72CB7297F1E5800CD29E7 /* Build configuration list for PBXNativeTarget "Coin-Flip-App" */ = {
			isa = XCConfigurationList;
			buildConfigurations = (
				D6D72CB8297F1E5800CD29E7 /* Debug */,
				D6D72CB9297F1E5800CD29E7 /* Release */,
			);
			defaultConfigurationIsVisible = 0;
			defaultConfigurationName = Release;
		};
/* End XCConfigurationList section */
	};
	rootObject = D6D72C9B297F1E5700CD29E7 /* Project object */;
}
